// !$*UTF8*$!
{
	archiveVersion = 1;
	classes = {
	};
	objectVersion = 56;
	objects = {

/* Begin PBXBuildFile section */
		BC8F1B742C5C6E34005D63CB /* AppDelegate.swift in Sources */ = {isa = PBXBuildFile; fileRef = BC8F1B732C5C6E34005D63CB /* AppDelegate.swift */; };
		BC8F1B762C5C6E34005D63CB /* SceneDelegate.swift in Sources */ = {isa = PBXBuildFile; fileRef = BC8F1B752C5C6E34005D63CB /* SceneDelegate.swift */; };
		BC8F1B782C5C6E34005D63CB /* ViewController.swift in Sources */ = {isa = PBXBuildFile; fileRef = BC8F1B772C5C6E34005D63CB /* ViewController.swift */; };
		BC8F1B7D2C5C6E35005D63CB /* Assets.xcassets in Resources */ = {isa = PBXBuildFile; fileRef = BC8F1B7C2C5C6E35005D63CB /* Assets.xcassets */; };
		BC8F1B802C5C6E35005D63CB /* Base in Resources */ = {isa = PBXBuildFile; fileRef = BC8F1B7F2C5C6E35005D63CB /* Base */; };
		BC8F1B892C5C6FCF005D63CB /* PasswordViewController.swift in Sources */ = {isa = PBXBuildFile; fileRef = BC8F1B882C5C6FCF005D63CB /* PasswordViewController.swift */; };
		BC8F1B8C2C5C6FE8005D63CB /* SnapKit in Frameworks */ = {isa = PBXBuildFile; productRef = BC8F1B8B2C5C6FE8005D63CB /* SnapKit */; };
		BC8F1B8F2C5C6FFE005D63CB /* RxCocoa in Frameworks */ = {isa = PBXBuildFile; productRef = BC8F1B8E2C5C6FFE005D63CB /* RxCocoa */; };
		BC8F1B912C5C6FFE005D63CB /* RxSwift in Frameworks */ = {isa = PBXBuildFile; productRef = BC8F1B902C5C6FFE005D63CB /* RxSwift */; };
		BC8F1B952C5C7400005D63CB /* UIViewController+Extension.swift in Sources */ = {isa = PBXBuildFile; fileRef = BC8F1B942C5C7400005D63CB /* UIViewController+Extension.swift */; };
		BC8F1B972C5C7B44005D63CB /* PhoneViewController.swift in Sources */ = {isa = PBXBuildFile; fileRef = BC8F1B962C5C7B44005D63CB /* PhoneViewController.swift */; };
		BC8F1B9B2C5C7C26005D63CB /* SignUpTextField.swift in Sources */ = {isa = PBXBuildFile; fileRef = BC8F1B9A2C5C7C26005D63CB /* SignUpTextField.swift */; };
		BC8F1B9D2C5C7D49005D63CB /* CustomLabel.swift in Sources */ = {isa = PBXBuildFile; fileRef = BC8F1B9C2C5C7D49005D63CB /* CustomLabel.swift */; };
		BC8F1B9F2C5C9A61005D63CB /* NextButton.swift in Sources */ = {isa = PBXBuildFile; fileRef = BC8F1B9E2C5C9A61005D63CB /* NextButton.swift */; };
		BC8F1BA12C5C9E36005D63CB /* BirthDayViewController.swift in Sources */ = {isa = PBXBuildFile; fileRef = BC8F1BA02C5C9E36005D63CB /* BirthDayViewController.swift */; };
		BC8F1BA42C5CC9CC005D63CB /* ShoppingListViewController.swift in Sources */ = {isa = PBXBuildFile; fileRef = BC8F1BA32C5CC9CC005D63CB /* ShoppingListViewController.swift */; };
		BC8F1BA72C5CCA43005D63CB /* Todo.swift in Sources */ = {isa = PBXBuildFile; fileRef = BC8F1BA62C5CCA43005D63CB /* Todo.swift */; };
		BC8F1BAA2C5CCB92005D63CB /* ShoppingListTableViewCell.swift in Sources */ = {isa = PBXBuildFile; fileRef = BC8F1BA92C5CCB92005D63CB /* ShoppingListTableViewCell.swift */; };
		BC8F1BAD2C5CCBC3005D63CB /* ReusableIdentifier.swift in Sources */ = {isa = PBXBuildFile; fileRef = BC8F1BAC2C5CCBC3005D63CB /* ReusableIdentifier.swift */; };
		BC8F1BB12C5CCC83005D63CB /* ShoppingListView.swift in Sources */ = {isa = PBXBuildFile; fileRef = BC8F1BB02C5CCC83005D63CB /* ShoppingListView.swift */; };
		BC8F1BB42C5FAFEC005D63CB /* Then in Frameworks */ = {isa = PBXBuildFile; productRef = BC8F1BB32C5FAFEC005D63CB /* Then */; };
		BC8F1BB62C5FCA83005D63CB /* ShoppingListDetailViewController.swift in Sources */ = {isa = PBXBuildFile; fileRef = BC8F1BB52C5FCA83005D63CB /* ShoppingListDetailViewController.swift */; };
		BC8F1BB92C5FD1BC005D63CB /* IQKeyboardManagerSwift in Frameworks */ = {isa = PBXBuildFile; productRef = BC8F1BB82C5FD1BC005D63CB /* IQKeyboardManagerSwift */; };
		BC8F1BBF2C60EC43005D63CB /* PasswordViewModel.swift in Sources */ = {isa = PBXBuildFile; fileRef = BC8F1BBE2C60EC43005D63CB /* PasswordViewModel.swift */; };
		BC8F1BC52C60F009005D63CB /* PhoneViewModel.swift in Sources */ = {isa = PBXBuildFile; fileRef = BC8F1BC42C60F009005D63CB /* PhoneViewModel.swift */; };
		BC8F1BC72C60FC4B005D63CB /* BirthdayViewModel.swift in Sources */ = {isa = PBXBuildFile; fileRef = BC8F1BC62C60FC4B005D63CB /* BirthdayViewModel.swift */; };
/* End PBXBuildFile section */

/* Begin PBXFileReference section */
		BC8F1B702C5C6E34005D63CB /* RxSwiftPractice2.app */ = {isa = PBXFileReference; explicitFileType = wrapper.application; includeInIndex = 0; path = RxSwiftPractice2.app; sourceTree = BUILT_PRODUCTS_DIR; };
		BC8F1B732C5C6E34005D63CB /* AppDelegate.swift */ = {isa = PBXFileReference; lastKnownFileType = sourcecode.swift; path = AppDelegate.swift; sourceTree = "<group>"; };
		BC8F1B752C5C6E34005D63CB /* SceneDelegate.swift */ = {isa = PBXFileReference; lastKnownFileType = sourcecode.swift; path = SceneDelegate.swift; sourceTree = "<group>"; };
		BC8F1B772C5C6E34005D63CB /* ViewController.swift */ = {isa = PBXFileReference; lastKnownFileType = sourcecode.swift; path = ViewController.swift; sourceTree = "<group>"; };
		BC8F1B7C2C5C6E35005D63CB /* Assets.xcassets */ = {isa = PBXFileReference; lastKnownFileType = folder.assetcatalog; path = Assets.xcassets; sourceTree = "<group>"; };
		BC8F1B7F2C5C6E35005D63CB /* Base */ = {isa = PBXFileReference; lastKnownFileType = file.storyboard; name = Base; path = Base.lproj/LaunchScreen.storyboard; sourceTree = "<group>"; };
		BC8F1B812C5C6E35005D63CB /* Info.plist */ = {isa = PBXFileReference; lastKnownFileType = text.plist.xml; path = Info.plist; sourceTree = "<group>"; };
		BC8F1B882C5C6FCF005D63CB /* PasswordViewController.swift */ = {isa = PBXFileReference; lastKnownFileType = sourcecode.swift; path = PasswordViewController.swift; sourceTree = "<group>"; };
		BC8F1B942C5C7400005D63CB /* UIViewController+Extension.swift */ = {isa = PBXFileReference; lastKnownFileType = sourcecode.swift; path = "UIViewController+Extension.swift"; sourceTree = "<group>"; };
		BC8F1B962C5C7B44005D63CB /* PhoneViewController.swift */ = {isa = PBXFileReference; lastKnownFileType = sourcecode.swift; path = PhoneViewController.swift; sourceTree = "<group>"; };
		BC8F1B9A2C5C7C26005D63CB /* SignUpTextField.swift */ = {isa = PBXFileReference; lastKnownFileType = sourcecode.swift; path = SignUpTextField.swift; sourceTree = "<group>"; };
		BC8F1B9C2C5C7D49005D63CB /* CustomLabel.swift */ = {isa = PBXFileReference; lastKnownFileType = sourcecode.swift; path = CustomLabel.swift; sourceTree = "<group>"; };
		BC8F1B9E2C5C9A61005D63CB /* NextButton.swift */ = {isa = PBXFileReference; lastKnownFileType = sourcecode.swift; path = NextButton.swift; sourceTree = "<group>"; };
		BC8F1BA02C5C9E36005D63CB /* BirthDayViewController.swift */ = {isa = PBXFileReference; lastKnownFileType = sourcecode.swift; path = BirthDayViewController.swift; sourceTree = "<group>"; };
		BC8F1BA32C5CC9CC005D63CB /* ShoppingListViewController.swift */ = {isa = PBXFileReference; lastKnownFileType = sourcecode.swift; path = ShoppingListViewController.swift; sourceTree = "<group>"; };
		BC8F1BA62C5CCA43005D63CB /* Todo.swift */ = {isa = PBXFileReference; lastKnownFileType = sourcecode.swift; path = Todo.swift; sourceTree = "<group>"; };
		BC8F1BA92C5CCB92005D63CB /* ShoppingListTableViewCell.swift */ = {isa = PBXFileReference; lastKnownFileType = sourcecode.swift; path = ShoppingListTableViewCell.swift; sourceTree = "<group>"; };
		BC8F1BAC2C5CCBC3005D63CB /* ReusableIdentifier.swift */ = {isa = PBXFileReference; lastKnownFileType = sourcecode.swift; path = ReusableIdentifier.swift; sourceTree = "<group>"; };
		BC8F1BB02C5CCC83005D63CB /* ShoppingListView.swift */ = {isa = PBXFileReference; lastKnownFileType = sourcecode.swift; path = ShoppingListView.swift; sourceTree = "<group>"; };
		BC8F1BB52C5FCA83005D63CB /* ShoppingListDetailViewController.swift */ = {isa = PBXFileReference; lastKnownFileType = sourcecode.swift; path = ShoppingListDetailViewController.swift; sourceTree = "<group>"; };
		BC8F1BBE2C60EC43005D63CB /* PasswordViewModel.swift */ = {isa = PBXFileReference; lastKnownFileType = sourcecode.swift; path = PasswordViewModel.swift; sourceTree = "<group>"; };
		BC8F1BC42C60F009005D63CB /* PhoneViewModel.swift */ = {isa = PBXFileReference; lastKnownFileType = sourcecode.swift; path = PhoneViewModel.swift; sourceTree = "<group>"; };
		BC8F1BC62C60FC4B005D63CB /* BirthdayViewModel.swift */ = {isa = PBXFileReference; lastKnownFileType = sourcecode.swift; path = BirthdayViewModel.swift; sourceTree = "<group>"; };
/* End PBXFileReference section */

/* Begin PBXFrameworksBuildPhase section */
		BC8F1B6D2C5C6E34005D63CB /* Frameworks */ = {
			isa = PBXFrameworksBuildPhase;
			buildActionMask = 2147483647;
			files = (
				BC8F1BB92C5FD1BC005D63CB /* IQKeyboardManagerSwift in Frameworks */,
				BC8F1B912C5C6FFE005D63CB /* RxSwift in Frameworks */,
				BC8F1B8F2C5C6FFE005D63CB /* RxCocoa in Frameworks */,
				BC8F1B8C2C5C6FE8005D63CB /* SnapKit in Frameworks */,
				BC8F1BB42C5FAFEC005D63CB /* Then in Frameworks */,
			);
			runOnlyForDeploymentPostprocessing = 0;
		};
/* End PBXFrameworksBuildPhase section */

/* Begin PBXGroup section */
		BC8F1B672C5C6E34005D63CB = {
			isa = PBXGroup;
			children = (
				BC8F1B722C5C6E34005D63CB /* RxSwiftPractice2 */,
				BC8F1B712C5C6E34005D63CB /* Products */,
			);
			sourceTree = "<group>";
		};
		BC8F1B712C5C6E34005D63CB /* Products */ = {
			isa = PBXGroup;
			children = (
				BC8F1B702C5C6E34005D63CB /* RxSwiftPractice2.app */,
			);
			name = Products;
			sourceTree = "<group>";
		};
		BC8F1B722C5C6E34005D63CB /* RxSwiftPractice2 */ = {
			isa = PBXGroup;
			children = (
				BC8F1B922C5C73EE005D63CB /* Common */,
				BC8F1BA22C5CC9AE005D63CB /* ShoppingList */,
				BC8F1B872C5C6F09005D63CB /* SignUp */,
				BC8F1B982C5C7BD3005D63CB /* SignUpOptional */,
				BC8F1B992C5C7BFD005D63CB /* CustomView */,
				BC8F1B732C5C6E34005D63CB /* AppDelegate.swift */,
				BC8F1B752C5C6E34005D63CB /* SceneDelegate.swift */,
				BC8F1B772C5C6E34005D63CB /* ViewController.swift */,
				BC8F1B7C2C5C6E35005D63CB /* Assets.xcassets */,
				BC8F1B7E2C5C6E35005D63CB /* LaunchScreen.storyboard */,
				BC8F1B812C5C6E35005D63CB /* Info.plist */,
			);
			path = RxSwiftPractice2;
			sourceTree = "<group>";
		};
		BC8F1B872C5C6F09005D63CB /* SignUp */ = {
			isa = PBXGroup;
			children = (
				BC8F1BC12C60EFD1005D63CB /* View */,
				BC8F1BC02C60EFC7005D63CB /* ViewModel */,
			);
			path = SignUp;
			sourceTree = "<group>";
		};
		BC8F1B922C5C73EE005D63CB /* Common */ = {
			isa = PBXGroup;
			children = (
				BC8F1BAB2C5CCBB4005D63CB /* protocol */,
				BC8F1B932C5C73F3005D63CB /* Extension */,
			);
			path = Common;
			sourceTree = "<group>";
		};
		BC8F1B932C5C73F3005D63CB /* Extension */ = {
			isa = PBXGroup;
			children = (
				BC8F1B942C5C7400005D63CB /* UIViewController+Extension.swift */,
			);
			path = Extension;
			sourceTree = "<group>";
		};
		BC8F1B982C5C7BD3005D63CB /* SignUpOptional */ = {
			isa = PBXGroup;
			children = (
				BC8F1BC22C60EFDB005D63CB /* View */,
				BC8F1BC32C60EFE7005D63CB /* ViewModel */,
			);
			path = SignUpOptional;
			sourceTree = "<group>";
		};
		BC8F1B992C5C7BFD005D63CB /* CustomView */ = {
			isa = PBXGroup;
			children = (
				BC8F1B9A2C5C7C26005D63CB /* SignUpTextField.swift */,
				BC8F1B9C2C5C7D49005D63CB /* CustomLabel.swift */,
				BC8F1B9E2C5C9A61005D63CB /* NextButton.swift */,
			);
			path = CustomView;
			sourceTree = "<group>";
		};
		BC8F1BA22C5CC9AE005D63CB /* ShoppingList */ = {
			isa = PBXGroup;
			children = (
				BC8F1BA52C5CCA3C005D63CB /* Model */,
				BC8F1BA82C5CCB78005D63CB /* View */,
			);
			path = ShoppingList;
			sourceTree = "<group>";
		};
		BC8F1BA52C5CCA3C005D63CB /* Model */ = {
			isa = PBXGroup;
			children = (
				BC8F1BA62C5CCA43005D63CB /* Todo.swift */,
			);
			path = Model;
			sourceTree = "<group>";
		};
		BC8F1BA82C5CCB78005D63CB /* View */ = {
			isa = PBXGroup;
			children = (
				BC8F1BA32C5CC9CC005D63CB /* ShoppingListViewController.swift */,
				BC8F1BA92C5CCB92005D63CB /* ShoppingListTableViewCell.swift */,
				BC8F1BB02C5CCC83005D63CB /* ShoppingListView.swift */,
				BC8F1BB52C5FCA83005D63CB /* ShoppingListDetailViewController.swift */,
			);
			path = View;
			sourceTree = "<group>";
		};
		BC8F1BAB2C5CCBB4005D63CB /* protocol */ = {
			isa = PBXGroup;
			children = (
				BC8F1BAC2C5CCBC3005D63CB /* ReusableIdentifier.swift */,
			);
			path = protocol;
			sourceTree = "<group>";
		};
		BC8F1BC02C60EFC7005D63CB /* ViewModel */ = {
			isa = PBXGroup;
			children = (
				BC8F1BBE2C60EC43005D63CB /* PasswordViewModel.swift */,
			);
			path = ViewModel;
			sourceTree = "<group>";
		};
		BC8F1BC12C60EFD1005D63CB /* View */ = {
			isa = PBXGroup;
			children = (
				BC8F1B882C5C6FCF005D63CB /* PasswordViewController.swift */,
			);
			path = View;
			sourceTree = "<group>";
		};
		BC8F1BC22C60EFDB005D63CB /* View */ = {
			isa = PBXGroup;
			children = (
				BC8F1B962C5C7B44005D63CB /* PhoneViewController.swift */,
				BC8F1BA02C5C9E36005D63CB /* BirthDayViewController.swift */,
			);
			path = View;
			sourceTree = "<group>";
		};
		BC8F1BC32C60EFE7005D63CB /* ViewModel */ = {
			isa = PBXGroup;
			children = (
				BC8F1BC42C60F009005D63CB /* PhoneViewModel.swift */,
				BC8F1BC62C60FC4B005D63CB /* BirthdayViewModel.swift */,
			);
			path = ViewModel;
			sourceTree = "<group>";
		};
/* End PBXGroup section */

/* Begin PBXNativeTarget section */
		BC8F1B6F2C5C6E34005D63CB /* RxSwiftPractice2 */ = {
			isa = PBXNativeTarget;
			buildConfigurationList = BC8F1B842C5C6E35005D63CB /* Build configuration list for PBXNativeTarget "RxSwiftPractice2" */;
			buildPhases = (
				BC8F1B6C2C5C6E34005D63CB /* Sources */,
				BC8F1B6D2C5C6E34005D63CB /* Frameworks */,
				BC8F1B6E2C5C6E34005D63CB /* Resources */,
			);
			buildRules = (
			);
			dependencies = (
			);
			name = RxSwiftPractice2;
			packageProductDependencies = (
				BC8F1B8B2C5C6FE8005D63CB /* SnapKit */,
				BC8F1B8E2C5C6FFE005D63CB /* RxCocoa */,
				BC8F1B902C5C6FFE005D63CB /* RxSwift */,
				BC8F1BB32C5FAFEC005D63CB /* Then */,
				BC8F1BB82C5FD1BC005D63CB /* IQKeyboardManagerSwift */,
			);
			productName = RxSwiftPractice2;
			productReference = BC8F1B702C5C6E34005D63CB /* RxSwiftPractice2.app */;
			productType = "com.apple.product-type.application";
		};
/* End PBXNativeTarget section */

/* Begin PBXProject section */
		BC8F1B682C5C6E34005D63CB /* Project object */ = {
			isa = PBXProject;
			attributes = {
				BuildIndependentTargetsInParallel = 1;
				LastSwiftUpdateCheck = 1540;
				LastUpgradeCheck = 1540;
				TargetAttributes = {
					BC8F1B6F2C5C6E34005D63CB = {
						CreatedOnToolsVersion = 15.4;
					};
				};
			};
			buildConfigurationList = BC8F1B6B2C5C6E34005D63CB /* Build configuration list for PBXProject "RxSwiftPractice2" */;
			compatibilityVersion = "Xcode 14.0";
			developmentRegion = en;
			hasScannedForEncodings = 0;
			knownRegions = (
				en,
				Base,
			);
			mainGroup = BC8F1B672C5C6E34005D63CB;
			packageReferences = (
				BC8F1B8A2C5C6FE8005D63CB /* XCRemoteSwiftPackageReference "SnapKit" */,
				BC8F1B8D2C5C6FFE005D63CB /* XCRemoteSwiftPackageReference "RxSwift" */,
				BC8F1BB22C5FAFEC005D63CB /* XCRemoteSwiftPackageReference "Then" */,
				BC8F1BB72C5FD1BC005D63CB /* XCRemoteSwiftPackageReference "IQKeyboardManager" */,
			);
			productRefGroup = BC8F1B712C5C6E34005D63CB /* Products */;
			projectDirPath = "";
			projectRoot = "";
			targets = (
				BC8F1B6F2C5C6E34005D63CB /* RxSwiftPractice2 */,
			);
		};
/* End PBXProject section */

/* Begin PBXResourcesBuildPhase section */
		BC8F1B6E2C5C6E34005D63CB /* Resources */ = {
			isa = PBXResourcesBuildPhase;
			buildActionMask = 2147483647;
			files = (
				BC8F1B7D2C5C6E35005D63CB /* Assets.xcassets in Resources */,
				BC8F1B802C5C6E35005D63CB /* Base in Resources */,
			);
			runOnlyForDeploymentPostprocessing = 0;
		};
/* End PBXResourcesBuildPhase section */

/* Begin PBXSourcesBuildPhase section */
		BC8F1B6C2C5C6E34005D63CB /* Sources */ = {
			isa = PBXSourcesBuildPhase;
			buildActionMask = 2147483647;
			files = (
				BC8F1BB12C5CCC83005D63CB /* ShoppingListView.swift in Sources */,
				BC8F1B782C5C6E34005D63CB /* ViewController.swift in Sources */,
				BC8F1BA42C5CC9CC005D63CB /* ShoppingListViewController.swift in Sources */,
				BC8F1B892C5C6FCF005D63CB /* PasswordViewController.swift in Sources */,
				BC8F1BAA2C5CCB92005D63CB /* ShoppingListTableViewCell.swift in Sources */,
				BC8F1B9B2C5C7C26005D63CB /* SignUpTextField.swift in Sources */,
				BC8F1BA12C5C9E36005D63CB /* BirthDayViewController.swift in Sources */,
				BC8F1BB62C5FCA83005D63CB /* ShoppingListDetailViewController.swift in Sources */,
				BC8F1B9F2C5C9A61005D63CB /* NextButton.swift in Sources */,
				BC8F1BC52C60F009005D63CB /* PhoneViewModel.swift in Sources */,
				BC8F1BAD2C5CCBC3005D63CB /* ReusableIdentifier.swift in Sources */,
				BC8F1BC72C60FC4B005D63CB /* BirthdayViewModel.swift in Sources */,
				BC8F1B742C5C6E34005D63CB /* AppDelegate.swift in Sources */,
				BC8F1BA72C5CCA43005D63CB /* Todo.swift in Sources */,
				BC8F1B972C5C7B44005D63CB /* PhoneViewController.swift in Sources */,
				BC8F1B9D2C5C7D49005D63CB /* CustomLabel.swift in Sources */,
				BC8F1BBF2C60EC43005D63CB /* PasswordViewModel.swift in Sources */,
				BC8F1B952C5C7400005D63CB /* UIViewController+Extension.swift in Sources */,
				BC8F1B762C5C6E34005D63CB /* SceneDelegate.swift in Sources */,
			);
			runOnlyForDeploymentPostprocessing = 0;
		};
/* End PBXSourcesBuildPhase section */

/* Begin PBXVariantGroup section */
		BC8F1B7E2C5C6E35005D63CB /* LaunchScreen.storyboard */ = {
			isa = PBXVariantGroup;
			children = (
				BC8F1B7F2C5C6E35005D63CB /* Base */,
			);
			name = LaunchScreen.storyboard;
			sourceTree = "<group>";
		};
/* End PBXVariantGroup section */

/* Begin XCBuildConfiguration section */
		BC8F1B822C5C6E35005D63CB /* Debug */ = {
			isa = XCBuildConfiguration;
			buildSettings = {
				ALWAYS_SEARCH_USER_PATHS = NO;
				ASSETCATALOG_COMPILER_GENERATE_SWIFT_ASSET_SYMBOL_EXTENSIONS = YES;
				CLANG_ANALYZER_NONNULL = YES;
				CLANG_ANALYZER_NUMBER_OBJECT_CONVERSION = YES_AGGRESSIVE;
				CLANG_CXX_LANGUAGE_STANDARD = "gnu++20";
				CLANG_ENABLE_MODULES = YES;
				CLANG_ENABLE_OBJC_ARC = YES;
				CLANG_ENABLE_OBJC_WEAK = YES;
				CLANG_WARN_BLOCK_CAPTURE_AUTORELEASING = YES;
				CLANG_WARN_BOOL_CONVERSION = YES;
				CLANG_WARN_COMMA = YES;
				CLANG_WARN_CONSTANT_CONVERSION = YES;
				CLANG_WARN_DEPRECATED_OBJC_IMPLEMENTATIONS = YES;
				CLANG_WARN_DIRECT_OBJC_ISA_USAGE = YES_ERROR;
				CLANG_WARN_DOCUMENTATION_COMMENTS = YES;
				CLANG_WARN_EMPTY_BODY = YES;
				CLANG_WARN_ENUM_CONVERSION = YES;
				CLANG_WARN_INFINITE_RECURSION = YES;
				CLANG_WARN_INT_CONVERSION = YES;
				CLANG_WARN_NON_LITERAL_NULL_CONVERSION = YES;
				CLANG_WARN_OBJC_IMPLICIT_RETAIN_SELF = YES;
				CLANG_WARN_OBJC_LITERAL_CONVERSION = YES;
				CLANG_WARN_OBJC_ROOT_CLASS = YES_ERROR;
				CLANG_WARN_QUOTED_INCLUDE_IN_FRAMEWORK_HEADER = YES;
				CLANG_WARN_RANGE_LOOP_ANALYSIS = YES;
				CLANG_WARN_STRICT_PROTOTYPES = YES;
				CLANG_WARN_SUSPICIOUS_MOVE = YES;
				CLANG_WARN_UNGUARDED_AVAILABILITY = YES_AGGRESSIVE;
				CLANG_WARN_UNREACHABLE_CODE = YES;
				CLANG_WARN__DUPLICATE_METHOD_MATCH = YES;
				COPY_PHASE_STRIP = NO;
				DEBUG_INFORMATION_FORMAT = dwarf;
				ENABLE_STRICT_OBJC_MSGSEND = YES;
				ENABLE_TESTABILITY = YES;
				ENABLE_USER_SCRIPT_SANDBOXING = YES;
				GCC_C_LANGUAGE_STANDARD = gnu17;
				GCC_DYNAMIC_NO_PIC = NO;
				GCC_NO_COMMON_BLOCKS = YES;
				GCC_OPTIMIZATION_LEVEL = 0;
				GCC_PREPROCESSOR_DEFINITIONS = (
					"DEBUG=1",
					"$(inherited)",
				);
				GCC_WARN_64_TO_32_BIT_CONVERSION = YES;
				GCC_WARN_ABOUT_RETURN_TYPE = YES_ERROR;
				GCC_WARN_UNDECLARED_SELECTOR = YES;
				GCC_WARN_UNINITIALIZED_AUTOS = YES_AGGRESSIVE;
				GCC_WARN_UNUSED_FUNCTION = YES;
				GCC_WARN_UNUSED_VARIABLE = YES;
				IPHONEOS_DEPLOYMENT_TARGET = 17.5;
				LOCALIZATION_PREFERS_STRING_CATALOGS = YES;
				MTL_ENABLE_DEBUG_INFO = INCLUDE_SOURCE;
				MTL_FAST_MATH = YES;
				ONLY_ACTIVE_ARCH = YES;
				SDKROOT = iphoneos;
				SWIFT_ACTIVE_COMPILATION_CONDITIONS = "DEBUG $(inherited)";
				SWIFT_OPTIMIZATION_LEVEL = "-Onone";
			};
			name = Debug;
		};
		BC8F1B832C5C6E35005D63CB /* Release */ = {
			isa = XCBuildConfiguration;
			buildSettings = {
				ALWAYS_SEARCH_USER_PATHS = NO;
				ASSETCATALOG_COMPILER_GENERATE_SWIFT_ASSET_SYMBOL_EXTENSIONS = YES;
				CLANG_ANALYZER_NONNULL = YES;
				CLANG_ANALYZER_NUMBER_OBJECT_CONVERSION = YES_AGGRESSIVE;
				CLANG_CXX_LANGUAGE_STANDARD = "gnu++20";
				CLANG_ENABLE_MODULES = YES;
				CLANG_ENABLE_OBJC_ARC = YES;
				CLANG_ENABLE_OBJC_WEAK = YES;
				CLANG_WARN_BLOCK_CAPTURE_AUTORELEASING = YES;
				CLANG_WARN_BOOL_CONVERSION = YES;
				CLANG_WARN_COMMA = YES;
				CLANG_WARN_CONSTANT_CONVERSION = YES;
				CLANG_WARN_DEPRECATED_OBJC_IMPLEMENTATIONS = YES;
				CLANG_WARN_DIRECT_OBJC_ISA_USAGE = YES_ERROR;
				CLANG_WARN_DOCUMENTATION_COMMENTS = YES;
				CLANG_WARN_EMPTY_BODY = YES;
				CLANG_WARN_ENUM_CONVERSION = YES;
				CLANG_WARN_INFINITE_RECURSION = YES;
				CLANG_WARN_INT_CONVERSION = YES;
				CLANG_WARN_NON_LITERAL_NULL_CONVERSION = YES;
				CLANG_WARN_OBJC_IMPLICIT_RETAIN_SELF = YES;
				CLANG_WARN_OBJC_LITERAL_CONVERSION = YES;
				CLANG_WARN_OBJC_ROOT_CLASS = YES_ERROR;
				CLANG_WARN_QUOTED_INCLUDE_IN_FRAMEWORK_HEADER = YES;
				CLANG_WARN_RANGE_LOOP_ANALYSIS = YES;
				CLANG_WARN_STRICT_PROTOTYPES = YES;
				CLANG_WARN_SUSPICIOUS_MOVE = YES;
				CLANG_WARN_UNGUARDED_AVAILABILITY = YES_AGGRESSIVE;
				CLANG_WARN_UNREACHABLE_CODE = YES;
				CLANG_WARN__DUPLICATE_METHOD_MATCH = YES;
				COPY_PHASE_STRIP = NO;
				DEBUG_INFORMATION_FORMAT = "dwarf-with-dsym";
				ENABLE_NS_ASSERTIONS = NO;
				ENABLE_STRICT_OBJC_MSGSEND = YES;
				ENABLE_USER_SCRIPT_SANDBOXING = YES;
				GCC_C_LANGUAGE_STANDARD = gnu17;
				GCC_NO_COMMON_BLOCKS = YES;
				GCC_WARN_64_TO_32_BIT_CONVERSION = YES;
				GCC_WARN_ABOUT_RETURN_TYPE = YES_ERROR;
				GCC_WARN_UNDECLARED_SELECTOR = YES;
				GCC_WARN_UNINITIALIZED_AUTOS = YES_AGGRESSIVE;
				GCC_WARN_UNUSED_FUNCTION = YES;
				GCC_WARN_UNUSED_VARIABLE = YES;
				IPHONEOS_DEPLOYMENT_TARGET = 17.5;
				LOCALIZATION_PREFERS_STRING_CATALOGS = YES;
				MTL_ENABLE_DEBUG_INFO = NO;
				MTL_FAST_MATH = YES;
				SDKROOT = iphoneos;
				SWIFT_COMPILATION_MODE = wholemodule;
				VALIDATE_PRODUCT = YES;
			};
			name = Release;
		};
		BC8F1B852C5C6E35005D63CB /* Debug */ = {
			isa = XCBuildConfiguration;
			buildSettings = {
				ASSETCATALOG_COMPILER_APPICON_NAME = AppIcon;
				ASSETCATALOG_COMPILER_GLOBAL_ACCENT_COLOR_NAME = AccentColor;
				CODE_SIGN_STYLE = Automatic;
				CURRENT_PROJECT_VERSION = 1;
				DEVELOPMENT_TEAM = F8FT97JYZT;
				GENERATE_INFOPLIST_FILE = YES;
				INFOPLIST_FILE = RxSwiftPractice2/Info.plist;
				INFOPLIST_KEY_UIApplicationSupportsIndirectInputEvents = YES;
				INFOPLIST_KEY_UILaunchStoryboardName = LaunchScreen;
				INFOPLIST_KEY_UISupportedInterfaceOrientations = UIInterfaceOrientationPortrait;
				INFOPLIST_KEY_UISupportedInterfaceOrientations_iPad = UIInterfaceOrientationPortrait;
				IPHONEOS_DEPLOYMENT_TARGET = 16.0;
				LD_RUNPATH_SEARCH_PATHS = (
					"$(inherited)",
					"@executable_path/Frameworks",
				);
				MARKETING_VERSION = 1.0;
				PRODUCT_BUNDLE_IDENTIFIER = tunastorm.RxSwiftPractice2;
				PRODUCT_NAME = "$(TARGET_NAME)";
				SUPPORTED_PLATFORMS = "iphoneos iphonesimulator";
				SUPPORTS_MACCATALYST = NO;
				SUPPORTS_MAC_DESIGNED_FOR_IPHONE_IPAD = NO;
				SUPPORTS_XR_DESIGNED_FOR_IPHONE_IPAD = NO;
				SWIFT_EMIT_LOC_STRINGS = YES;
				SWIFT_VERSION = 5.0;
				TARGETED_DEVICE_FAMILY = 1;
			};
			name = Debug;
		};
		BC8F1B862C5C6E35005D63CB /* Release */ = {
			isa = XCBuildConfiguration;
			buildSettings = {
				ASSETCATALOG_COMPILER_APPICON_NAME = AppIcon;
				ASSETCATALOG_COMPILER_GLOBAL_ACCENT_COLOR_NAME = AccentColor;
				CODE_SIGN_STYLE = Automatic;
				CURRENT_PROJECT_VERSION = 1;
				DEVELOPMENT_TEAM = F8FT97JYZT;
				GENERATE_INFOPLIST_FILE = YES;
				INFOPLIST_FILE = RxSwiftPractice2/Info.plist;
				INFOPLIST_KEY_UIApplicationSupportsIndirectInputEvents = YES;
				INFOPLIST_KEY_UILaunchStoryboardName = LaunchScreen;
				INFOPLIST_KEY_UISupportedInterfaceOrientations = UIInterfaceOrientationPortrait;
				INFOPLIST_KEY_UISupportedInterfaceOrientations_iPad = UIInterfaceOrientationPortrait;
				IPHONEOS_DEPLOYMENT_TARGET = 16.0;
				LD_RUNPATH_SEARCH_PATHS = (
					"$(inherited)",
					"@executable_path/Frameworks",
				);
				MARKETING_VERSION = 1.0;
				PRODUCT_BUNDLE_IDENTIFIER = tunastorm.RxSwiftPractice2;
				PRODUCT_NAME = "$(TARGET_NAME)";
				SUPPORTED_PLATFORMS = "iphoneos iphonesimulator";
				SUPPORTS_MACCATALYST = NO;
				SUPPORTS_MAC_DESIGNED_FOR_IPHONE_IPAD = NO;
				SUPPORTS_XR_DESIGNED_FOR_IPHONE_IPAD = NO;
				SWIFT_EMIT_LOC_STRINGS = YES;
				SWIFT_VERSION = 5.0;
				TARGETED_DEVICE_FAMILY = 1;
			};
			name = Release;
		};
/* End XCBuildConfiguration section */

/* Begin XCConfigurationList section */
		BC8F1B6B2C5C6E34005D63CB /* Build configuration list for PBXProject "RxSwiftPractice2" */ = {
			isa = XCConfigurationList;
			buildConfigurations = (
				BC8F1B822C5C6E35005D63CB /* Debug */,
				BC8F1B832C5C6E35005D63CB /* Release */,
			);
			defaultConfigurationIsVisible = 0;
			defaultConfigurationName = Release;
		};
		BC8F1B842C5C6E35005D63CB /* Build configuration list for PBXNativeTarget "RxSwiftPractice2" */ = {
			isa = XCConfigurationList;
			buildConfigurations = (
				BC8F1B852C5C6E35005D63CB /* Debug */,
				BC8F1B862C5C6E35005D63CB /* Release */,
			);
			defaultConfigurationIsVisible = 0;
			defaultConfigurationName = Release;
		};
/* End XCConfigurationList section */

/* Begin XCRemoteSwiftPackageReference section */
		BC8F1B8A2C5C6FE8005D63CB /* XCRemoteSwiftPackageReference "SnapKit" */ = {
			isa = XCRemoteSwiftPackageReference;
			repositoryURL = "https://github.com/SnapKit/SnapKit.git";
			requirement = {
				kind = upToNextMajorVersion;
				minimumVersion = 5.7.1;
			};
		};
		BC8F1B8D2C5C6FFE005D63CB /* XCRemoteSwiftPackageReference "RxSwift" */ = {
			isa = XCRemoteSwiftPackageReference;
			repositoryURL = "https://github.com/ReactiveX/RxSwift.git";
			requirement = {
				kind = upToNextMajorVersion;
				minimumVersion = 6.7.1;
			};
		};
		BC8F1BB22C5FAFEC005D63CB /* XCRemoteSwiftPackageReference "Then" */ = {
			isa = XCRemoteSwiftPackageReference;
			repositoryURL = "https://github.com/devxoul/Then.git";
			requirement = {
				kind = upToNextMajorVersion;
				minimumVersion = 3.0.0;
			};
		};
		BC8F1BB72C5FD1BC005D63CB /* XCRemoteSwiftPackageReference "IQKeyboardManager" */ = {
			isa = XCRemoteSwiftPackageReference;
			repositoryURL = "https://github.com/hackiftekhar/IQKeyboardManager.git";
			requirement = {
				kind = upToNextMajorVersion;
				minimumVersion = 7.1.1;
			};
		};
/* End XCRemoteSwiftPackageReference section */

/* Begin XCSwiftPackageProductDependency section */
		BC8F1B8B2C5C6FE8005D63CB /* SnapKit */ = {
			isa = XCSwiftPackageProductDependency;
			package = BC8F1B8A2C5C6FE8005D63CB /* XCRemoteSwiftPackageReference "SnapKit" */;
			productName = SnapKit;
		};
		BC8F1B8E2C5C6FFE005D63CB /* RxCocoa */ = {
			isa = XCSwiftPackageProductDependency;
			package = BC8F1B8D2C5C6FFE005D63CB /* XCRemoteSwiftPackageReference "RxSwift" */;
			productName = RxCocoa;
		};
		BC8F1B902C5C6FFE005D63CB /* RxSwift */ = {
			isa = XCSwiftPackageProductDependency;
			package = BC8F1B8D2C5C6FFE005D63CB /* XCRemoteSwiftPackageReference "RxSwift" */;
			productName = RxSwift;
		};
		BC8F1BB32C5FAFEC005D63CB /* Then */ = {
			isa = XCSwiftPackageProductDependency;
			package = BC8F1BB22C5FAFEC005D63CB /* XCRemoteSwiftPackageReference "Then" */;
			productName = Then;
		};
		BC8F1BB82C5FD1BC005D63CB /* IQKeyboardManagerSwift */ = {
			isa = XCSwiftPackageProductDependency;
			package = BC8F1BB72C5FD1BC005D63CB /* XCRemoteSwiftPackageReference "IQKeyboardManager" */;
			productName = IQKeyboardManagerSwift;
		};
/* End XCSwiftPackageProductDependency section */
	};
	rootObject = BC8F1B682C5C6E34005D63CB /* Project object */;
}
